
Microsoft Visual Studio Solution File, Format Version 12.00
# Visual Studio Version 17
VisualStudioVersion = 17.1.32210.238
MinimumVisualStudioVersion = 10.0.40219.1
Project("{FAE04EC0-301F-11D3-BF4B-00C04F79EFBC}") = "shuaiyu1301WebApplication", "shuaiyu1301WebApplication\shuaiyu1301WebApplication.csproj", "{9FBD6CCC-868A-4ABF-9FA1-BA81422A9518}"
EndProject
Global
	GlobalSection(SolutionConfigurationPlatforms) = preSolution
		Debug|Any CPU = Debug|Any CPU
		Release|Any CPU = Release|Any CPU
	EndGlobalSection
	GlobalSection(ProjectConfigurationPlatforms) = postSolution
		{9FBD6CCC-868A-4ABF-9FA1-BA81422A9518}.Debug|Any CPU.ActiveCfg = Debug|Any CPU
		{9FBD6CCC-868A-4ABF-9FA1-BA81422A9518}.Debug|Any CPU.Build.0 = Debug|Any CPU
		{9FBD6CCC-868A-4ABF-9FA1-BA81422A9518}.Release|Any CPU.ActiveCfg = Release|Any CPU
		{9FBD6CCC-868A-4ABF-9FA1-BA81422A9518}.Release|Any CPU.Build.0 = Release|Any CPU
	EndGlobalSection
	GlobalSection(SolutionProperties) = preSolution
		HideSolutionNode = FALSE
	EndGlobalSection
	GlobalSection(ExtensibilityGlobals) = postSolution
		SolutionGuid = {2607CAE2-8ECD-4A02-AA67-27F6D8E95E5E}
	EndGlobalSection
EndGlobal
